
Microsoft Visual Studio Solution File, Format Version 12.00
# Visual Studio Version 17
VisualStudioVersion = 17.14.36705.20 d17.14
MinimumVisualStudioVersion = 10.0.40219.1
Project("{FAE04EC0-301F-11D3-BF4B-00C04F79EFBC}") = "BddSelenium", "BddSelenium\BddSelenium.csproj", "{F7D19972-1B54-445F-BE3B-7B996A5A4989}"
EndProject
Global
	GlobalSection(SolutionConfigurationPlatforms) = preSolution
		Debug|Any CPU = Debug|Any CPU
		Release|Any CPU = Release|Any CPU
	EndGlobalSection
	GlobalSection(ProjectConfigurationPlatforms) = postSolution
		{F7D19972-1B54-445F-BE3B-7B996A5A4989}.Debug|Any CPU.ActiveCfg = Debug|Any CPU
		{F7D19972-1B54-445F-BE3B-7B996A5A4989}.Debug|Any CPU.Build.0 = Debug|Any CPU
		{F7D19972-1B54-445F-BE3B-7B996A5A4989}.Release|Any CPU.ActiveCfg = Release|Any CPU
		{F7D19972-1B54-445F-BE3B-7B996A5A4989}.Release|Any CPU.Build.0 = Release|Any CPU
	EndGlobalSection
	GlobalSection(SolutionProperties) = preSolution
		HideSolutionNode = FALSE
	EndGlobalSection
	GlobalSection(ExtensibilityGlobals) = postSolution
		SolutionGuid = {E8D22363-BC29-4707-9956-6AFBCEA72DB1}
	EndGlobalSection
EndGlobal
